
Microsoft Visual Studio Solution File, Format Version 12.00
# Visual Studio Version 17
VisualStudioVersion = 17.8.34316.72
MinimumVisualStudioVersion = 10.0.40219.1
Project("{FAE04EC0-301F-11D3-BF4B-00C04F79EFBC}") = "LcDB.Core", "LcDB.Core\LcDB.Core.csproj", "{96705B1E-09A2-44E1-99B7-19B951EF21D2}"
EndProject
Project("{FAE04EC0-301F-11D3-BF4B-00C04F79EFBC}") = "Tests", "Tests\Tests.csproj", "{7FF22E88-8DC5-44FD-A698-97E24224296B}"
EndProject
Global
	GlobalSection(SolutionConfigurationPlatforms) = preSolution
		Debug|Any CPU = Debug|Any CPU
		Release|Any CPU = Release|Any CPU
	EndGlobalSection
	GlobalSection(ProjectConfigurationPlatforms) = postSolution
		{96705B1E-09A2-44E1-99B7-19B951EF21D2}.Debug|Any CPU.ActiveCfg = Debug|Any CPU
		{96705B1E-09A2-44E1-99B7-19B951EF21D2}.Debug|Any CPU.Build.0 = Debug|Any CPU
		{96705B1E-09A2-44E1-99B7-19B951EF21D2}.Release|Any CPU.ActiveCfg = Release|Any CPU
		{96705B1E-09A2-44E1-99B7-19B951EF21D2}.Release|Any CPU.Build.0 = Release|Any CPU
		{7FF22E88-8DC5-44FD-A698-97E24224296B}.Debug|Any CPU.ActiveCfg = Debug|Any CPU
		{7FF22E88-8DC5-44FD-A698-97E24224296B}.Debug|Any CPU.Build.0 = Debug|Any CPU
		{7FF22E88-8DC5-44FD-A698-97E24224296B}.Release|Any CPU.ActiveCfg = Release|Any CPU
		{7FF22E88-8DC5-44FD-A698-97E24224296B}.Release|Any CPU.Build.0 = Release|Any CPU
	EndGlobalSection
	GlobalSection(SolutionProperties) = preSolution
		HideSolutionNode = FALSE
	EndGlobalSection
	GlobalSection(ExtensibilityGlobals) = postSolution
		SolutionGuid = {A7D5D642-4BED-443F-A149-3AC1E04108E1}
	EndGlobalSection
EndGlobal
